
Microsoft Visual Studio Solution File, Format Version 12.00
# Visual Studio 15
VisualStudioVersion = 15.0.27004.2005
MinimumVisualStudioVersion = 10.0.40219.1
Project("{FAE04EC0-301F-11D3-BF4B-00C04F79EFBC}") = "GeneratePredictions", "GeneratePredictions\GeneratePredictions.csproj", "{6AE354ED-B95C-4657-BCA5-E9C94BDF15E1}"
EndProject
Global
	GlobalSection(SolutionConfigurationPlatforms) = preSolution
		Debug|Any CPU = Debug|Any CPU
		Release|Any CPU = Release|Any CPU
	EndGlobalSection
	GlobalSection(ProjectConfigurationPlatforms) = postSolution
		{6AE354ED-B95C-4657-BCA5-E9C94BDF15E1}.Debug|Any CPU.ActiveCfg = Debug|Any CPU
		{6AE354ED-B95C-4657-BCA5-E9C94BDF15E1}.Debug|Any CPU.Build.0 = Debug|Any CPU
		{6AE354ED-B95C-4657-BCA5-E9C94BDF15E1}.Release|Any CPU.ActiveCfg = Release|Any CPU
		{6AE354ED-B95C-4657-BCA5-E9C94BDF15E1}.Release|Any CPU.Build.0 = Release|Any CPU
	EndGlobalSection
	GlobalSection(SolutionProperties) = preSolution
		HideSolutionNode = FALSE
	EndGlobalSection
	GlobalSection(ExtensibilityGlobals) = postSolution
		SolutionGuid = {12A92E3D-F064-4339-BDDC-3873C845A09E}
	EndGlobalSection
EndGlobal
